
Microsoft Visual Studio Solution File, Format Version 12.00
# Visual Studio Version 16
VisualStudioVersion = 16.0.31605.320
MinimumVisualStudioVersion = 10.0.40219.1
Project("{FAE04EC0-301F-11D3-BF4B-00C04F79EFBC}") = "Mozaika", "Mozaika\Mozaika.csproj", "{EBD32574-1F01-4084-877D-C0A97C9AA73F}"
EndProject
Global
	GlobalSection(SolutionConfigurationPlatforms) = preSolution
		Debug|Any CPU = Debug|Any CPU
		Release|Any CPU = Release|Any CPU
	EndGlobalSection
	GlobalSection(ProjectConfigurationPlatforms) = postSolution
		{EBD32574-1F01-4084-877D-C0A97C9AA73F}.Debug|Any CPU.ActiveCfg = Debug|Any CPU
		{EBD32574-1F01-4084-877D-C0A97C9AA73F}.Debug|Any CPU.Build.0 = Debug|Any CPU
		{EBD32574-1F01-4084-877D-C0A97C9AA73F}.Release|Any CPU.ActiveCfg = Release|Any CPU
		{EBD32574-1F01-4084-877D-C0A97C9AA73F}.Release|Any CPU.Build.0 = Release|Any CPU
	EndGlobalSection
	GlobalSection(SolutionProperties) = preSolution
		HideSolutionNode = FALSE
	EndGlobalSection
	GlobalSection(ExtensibilityGlobals) = postSolution
		SolutionGuid = {9438269D-5FEB-4184-B634-060451721169}
	EndGlobalSection
EndGlobal
